// !$*UTF8*$!
{
	archiveVersion = 1;
	classes = {
	};
	objectVersion = 50;
	objects = {

/* Begin PBXBuildFile section */
		E07F8DF025E61CD50019C06A /* AppDelegate.swift in Sources */ = {isa = PBXBuildFile; fileRef = E07F8DEF25E61CD50019C06A /* AppDelegate.swift */; };
		E07F8DF225E61CD50019C06A /* SceneDelegate.swift in Sources */ = {isa = PBXBuildFile; fileRef = E07F8DF125E61CD50019C06A /* SceneDelegate.swift */; };
		E07F8DF425E61CD50019C06A /* ViewController.swift in Sources */ = {isa = PBXBuildFile; fileRef = E07F8DF325E61CD50019C06A /* ViewController.swift */; };
		E07F8DF725E61CD50019C06A /* Main.storyboard in Resources */ = {isa = PBXBuildFile; fileRef = E07F8DF525E61CD50019C06A /* Main.storyboard */; };
		E07F8DF925E61CE00019C06A /* Assets.xcassets in Resources */ = {isa = PBXBuildFile; fileRef = E07F8DF825E61CE00019C06A /* Assets.xcassets */; };
		E07F8DFC25E61CE00019C06A /* LaunchScreen.storyboard in Resources */ = {isa = PBXBuildFile; fileRef = E07F8DFA25E61CE00019C06A /* LaunchScreen.storyboard */; };
		E07F8E0525E623260019C06A /* CircleButton.swift in Sources */ = {isa = PBXBuildFile; fileRef = E07F8E0425E623260019C06A /* CircleButton.swift */; };
/* End PBXBuildFile section */

/* Begin PBXFileReference section */
		E07F8DEC25E61CD50019C06A /* StackView_tutorial.app */ = {isa = PBXFileReference; explicitFileType = wrapper.application; includeInIndex = 0; path = StackView_tutorial.app; sourceTree = BUILT_PRODUCTS_DIR; };
		E07F8DEF25E61CD50019C06A /* AppDelegate.swift */ = {isa = PBXFileReference; lastKnownFileType = sourcecode.swift; path = AppDelegate.swift; sourceTree = "<group>"; };
		E07F8DF125E61CD50019C06A /* SceneDelegate.swift */ = {isa = PBXFileReference; lastKnownFileType = sourcecode.swift; path = SceneDelegate.swift; sourceTree = "<group>"; };
		E07F8DF325E61CD50019C06A /* ViewController.swift */ = {isa = PBXFileReference; lastKnownFileType = sourcecode.swift; path = ViewController.swift; sourceTree = "<group>"; };
		E07F8DF625E61CD50019C06A /* Base */ = {isa = PBXFileReference; lastKnownFileType = file.storyboard; name = Base; path = Base.lproj/Main.storyboard; sourceTree = "<group>"; };
		E07F8DF825E61CE00019C06A /* Assets.xcassets */ = {isa = PBXFileReference; lastKnownFileType = folder.assetcatalog; path = Assets.xcassets; sourceTree = "<group>"; };
		E07F8DFB25E61CE00019C06A /* Base */ = {isa = PBXFileReference; lastKnownFileType = file.storyboard; name = Base; path = Base.lproj/LaunchScreen.storyboard; sourceTree = "<group>"; };
		E07F8DFD25E61CE00019C06A /* Info.plist */ = {isa = PBXFileReference; lastKnownFileType = text.plist.xml; path = Info.plist; sourceTree = "<group>"; };
		E07F8E0425E623260019C06A /* CircleButton.swift */ = {isa = PBXFileReference; lastKnownFileType = sourcecode.swift; path = CircleButton.swift; sourceTree = "<group>"; };
/* End PBXFileReference section */

/* Begin PBXFrameworksBuildPhase section */
		E07F8DE925E61CD50019C06A /* Frameworks */ = {
			isa = PBXFrameworksBuildPhase;
			buildActionMask = 2147483647;
			files = (
			);
			runOnlyForDeploymentPostprocessing = 0;
		};
/* End PBXFrameworksBuildPhase section */

/* Begin PBXGroup section */
		E07F8DE325E61CD50019C06A = {
			isa = PBXGroup;
			children = (
				E07F8DEE25E61CD50019C06A /* StackView_tutorial */,
				E07F8DED25E61CD50019C06A /* Products */,
			);
			sourceTree = "<group>";
		};
		E07F8DED25E61CD50019C06A /* Products */ = {
			isa = PBXGroup;
			children = (
				E07F8DEC25E61CD50019C06A /* StackView_tutorial.app */,
			);
			name = Products;
			sourceTree = "<group>";
		};
		E07F8DEE25E61CD50019C06A /* StackView_tutorial */ = {
			isa = PBXGroup;
			children = (
				E07F8DEF25E61CD50019C06A /* AppDelegate.swift */,
				E07F8DF125E61CD50019C06A /* SceneDelegate.swift */,
				E07F8DF325E61CD50019C06A /* ViewController.swift */,
				E07F8DF525E61CD50019C06A /* Main.storyboard */,
				E07F8DF825E61CE00019C06A /* Assets.xcassets */,
				E07F8DFA25E61CE00019C06A /* LaunchScreen.storyboard */,
				E07F8DFD25E61CE00019C06A /* Info.plist */,
				E07F8E0425E623260019C06A /* CircleButton.swift */,
			);
			path = StackView_tutorial;
			sourceTree = "<group>";
		};
/* End PBXGroup section */

/* Begin PBXNativeTarget section */
		E07F8DEB25E61CD50019C06A /* StackView_tutorial */ = {
			isa = PBXNativeTarget;
			buildConfigurationList = E07F8E0025E61CE00019C06A /* Build configuration list for PBXNativeTarget "StackView_tutorial" */;
			buildPhases = (
				E07F8DE825E61CD50019C06A /* Sources */,
				E07F8DE925E61CD50019C06A /* Frameworks */,
				E07F8DEA25E61CD50019C06A /* Resources */,
			);
			buildRules = (
			);
			dependencies = (
			);
			name = StackView_tutorial;
			productName = StackView_tutorial;
			productReference = E07F8DEC25E61CD50019C06A /* StackView_tutorial.app */;
			productType = "com.apple.product-type.application";
		};
/* End PBXNativeTarget section */

/* Begin PBXProject section */
		E07F8DE425E61CD50019C06A /* Project object */ = {
			isa = PBXProject;
			attributes = {
				LastSwiftUpdateCheck = 1240;
				LastUpgradeCheck = 1240;
				TargetAttributes = {
					E07F8DEB25E61CD50019C06A = {
						CreatedOnToolsVersion = 12.4;
					};
				};
			};
			buildConfigurationList = E07F8DE725E61CD50019C06A /* Build configuration list for PBXProject "StackView_tutorial" */;
			compatibilityVersion = "Xcode 9.3";
			developmentRegion = en;
			hasScannedForEncodings = 0;
			knownRegions = (
				en,
				Base,
			);
			mainGroup = E07F8DE325E61CD50019C06A;
			productRefGroup = E07F8DED25E61CD50019C06A /* Products */;
			projectDirPath = "";
			projectRoot = "";
			targets = (
				E07F8DEB25E61CD50019C06A /* StackView_tutorial */,
			);
		};
/* End PBXProject section */

/* Begin PBXResourcesBuildPhase section */
		E07F8DEA25E61CD50019C06A /* Resources */ = {
			isa = PBXResourcesBuildPhase;
			buildActionMask = 2147483647;
			files = (
				E07F8DFC25E61CE00019C06A /* LaunchScreen.storyboard in Resources */,
				E07F8DF925E61CE00019C06A /* Assets.xcassets in Resources */,
				E07F8DF725E61CD50019C06A /* Main.storyboard in Resources */,
			);
			runOnlyForDeploymentPostprocessing = 0;
		};
/* End PBXResourcesBuildPhase section */

/* Begin PBXSourcesBuildPhase section */
		E07F8DE825E61CD50019C06A /* Sources */ = {
			isa = PBXSourcesBuildPhase;
			buildActionMask = 2147483647;
			files = (
				E07F8DF425E61CD50019C06A /* ViewController.swift in Sources */,
				E07F8DF025E61CD50019C06A /* AppDelegate.swift in Sources */,
				E07F8DF225E61CD50019C06A /* SceneDelegate.swift in Sources */,
				E07F8E0525E623260019C06A /* CircleButton.swift in Sources */,
			);
			runOnlyForDeploymentPostprocessing = 0;
		};
/* End PBXSourcesBuildPhase section */

/* Begin PBXVariantGroup section */
		E07F8DF525E61CD50019C06A /* Main.storyboard */ = {
			isa = PBXVariantGroup;
			children = (
				E07F8DF625E61CD50019C06A /* Base */,
			);
			name = Main.storyboard;
			sourceTree = "<group>";
		};
		E07F8DFA25E61CE00019C06A /* LaunchScreen.storyboard */ = {
			isa = PBXVariantGroup;
			children = (
				E07F8DFB25E61CE00019C06A /* Base */,
			);
			name = LaunchScreen.storyboard;
			sourceTree = "<group>";
		};
/* End PBXVariantGroup section */

/* Begin XCBuildConfiguration section */
		E07F8DFE25E61CE00019C06A /* Debug */ = {
			isa = XCBuildConfiguration;
			buildSettings = {
				ALWAYS_SEARCH_USER_PATHS = NO;
				CLANG_ANALYZER_NONNULL = YES;
				CLANG_ANALYZER_NUMBER_OBJECT_CONVERSION = YES_AGGRESSIVE;
				CLANG_CXX_LANGUAGE_STANDARD = "gnu++14";
				CLANG_CXX_LIBRARY = "libc++";
				CLANG_ENABLE_MODULES = YES;
				CLANG_ENABLE_OBJC_ARC = YES;
				CLANG_ENABLE_OBJC_WEAK = YES;
				CLANG_WARN_BLOCK_CAPTURE_AUTORELEASING = YES;
				CLANG_WARN_BOOL_CONVERSION = YES;
				CLANG_WARN_COMMA = YES;
				CLANG_WARN_CONSTANT_CONVERSION = YES;
				CLANG_WARN_DEPRECATED_OBJC_IMPLEMENTATIONS = YES;
				CLANG_WARN_DIRECT_OBJC_ISA_USAGE = YES_ERROR;
				CLANG_WARN_DOCUMENTATION_COMMENTS = YES;
				CLANG_WARN_EMPTY_BODY = YES;
				CLANG_WARN_ENUM_CONVERSION = YES;
				CLANG_WARN_INFINITE_RECURSION = YES;
				CLANG_WARN_INT_CONVERSION = YES;
				CLANG_WARN_NON_LITERAL_NULL_CONVERSION = YES;
				CLANG_WARN_OBJC_IMPLICIT_RETAIN_SELF = YES;
				CLANG_WARN_OBJC_LITERAL_CONVERSION = YES;
				CLANG_WARN_OBJC_ROOT_CLASS = YES_ERROR;
				CLANG_WARN_QUOTED_INCLUDE_IN_FRAMEWORK_HEADER = YES;
				CLANG_WARN_RANGE_LOOP_ANALYSIS = YES;
				CLANG_WARN_STRICT_PROTOTYPES = YES;
				CLANG_WARN_SUSPICIOUS_MOVE = YES;
				CLANG_WARN_UNGUARDED_AVAILABILITY = YES_AGGRESSIVE;
				CLANG_WARN_UNREACHABLE_CODE = YES;
				CLANG_WARN__DUPLICATE_METHOD_MATCH = YES;
				COPY_PHASE_STRIP = NO;
				DEBUG_INFORMATION_FORMAT = dwarf;
				ENABLE_STRICT_OBJC_MSGSEND = YES;
				ENABLE_TESTABILITY = YES;
				GCC_C_LANGUAGE_STANDARD = gnu11;
				GCC_DYNAMIC_NO_PIC = NO;
				GCC_NO_COMMON_BLOCKS = YES;
				GCC_OPTIMIZATION_LEVEL = 0;
				GCC_PREPROCESSOR_DEFINITIONS = (
					"DEBUG=1",
					"$(inherited)",
				);
				GCC_WARN_64_TO_32_BIT_CONVERSION = YES;
				GCC_WARN_ABOUT_RETURN_TYPE = YES_ERROR;
				GCC_WARN_UNDECLARED_SELECTOR = YES;
				GCC_WARN_UNINITIALIZED_AUTOS = YES_AGGRESSIVE;
				GCC_WARN_UNUSED_FUNCTION = YES;
				GCC_WARN_UNUSED_VARIABLE = YES;
				IPHONEOS_DEPLOYMENT_TARGET = 14.4;
				MTL_ENABLE_DEBUG_INFO = INCLUDE_SOURCE;
				MTL_FAST_MATH = YES;
				ONLY_ACTIVE_ARCH = YES;
				SDKROOT = iphoneos;
				SWIFT_ACTIVE_COMPILATION_CONDITIONS = DEBUG;
				SWIFT_OPTIMIZATION_LEVEL = "-Onone";
			};
			name = Debug;
		};
		E07F8DFF25E61CE00019C06A /* Release */ = {
			isa = XCBuildConfiguration;
			buildSettings = {
				ALWAYS_SEARCH_USER_PATHS = NO;
				CLANG_ANALYZER_NONNULL = YES;
				CLANG_ANALYZER_NUMBER_OBJECT_CONVERSION = YES_AGGRESSIVE;
				CLANG_CXX_LANGUAGE_STANDARD = "gnu++14";
				CLANG_CXX_LIBRARY = "libc++";
				CLANG_ENABLE_MODULES = YES;
				CLANG_ENABLE_OBJC_ARC = YES;
				CLANG_ENABLE_OBJC_WEAK = YES;
				CLANG_WARN_BLOCK_CAPTURE_AUTORELEASING = YES;
				CLANG_WARN_BOOL_CONVERSION = YES;
				CLANG_WARN_COMMA = YES;
				CLANG_WARN_CONSTANT_CONVERSION = YES;
				CLANG_WARN_DEPRECATED_OBJC_IMPLEMENTATIONS = YES;
				CLANG_WARN_DIRECT_OBJC_ISA_USAGE = YES_ERROR;
				CLANG_WARN_DOCUMENTATION_COMMENTS = YES;
				CLANG_WARN_EMPTY_BODY = YES;
				CLANG_WARN_ENUM_CONVERSION = YES;
				CLANG_WARN_INFINITE_RECURSION = YES;
				CLANG_WARN_INT_CONVERSION = YES;
				CLANG_WARN_NON_LITERAL_NULL_CONVERSION = YES;
				CLANG_WARN_OBJC_IMPLICIT_RETAIN_SELF = YES;
				CLANG_WARN_OBJC_LITERAL_CONVERSION = YES;
				CLANG_WARN_OBJC_ROOT_CLASS = YES_ERROR;
				CLANG_WARN_QUOTED_INCLUDE_IN_FRAMEWORK_HEADER = YES;
				CLANG_WARN_RANGE_LOOP_ANALYSIS = YES;
				CLANG_WARN_STRICT_PROTOTYPES = YES;
				CLANG_WARN_SUSPICIOUS_MOVE = YES;
				CLANG_WARN_UNGUARDED_AVAILABILITY = YES_AGGRESSIVE;
				CLANG_WARN_UNREACHABLE_CODE = YES;
				CLANG_WARN__DUPLICATE_METHOD_MATCH = YES;
				COPY_PHASE_STRIP = NO;
				DEBUG_INFORMATION_FORMAT = "dwarf-with-dsym";
				ENABLE_NS_ASSERTIONS = NO;
				ENABLE_STRICT_OBJC_MSGSEND = YES;
				GCC_C_LANGUAGE_STANDARD = gnu11;
				GCC_NO_COMMON_BLOCKS = YES;
				GCC_WARN_64_TO_32_BIT_CONVERSION = YES;
				GCC_WARN_ABOUT_RETURN_TYPE = YES_ERROR;
				GCC_WARN_UNDECLARED_SELECTOR = YES;
				GCC_WARN_UNINITIALIZED_AUTOS = YES_AGGRESSIVE;
				GCC_WARN_UNUSED_FUNCTION = YES;
				GCC_WARN_UNUSED_VARIABLE = YES;
				IPHONEOS_DEPLOYMENT_TARGET = 14.4;
				MTL_ENABLE_DEBUG_INFO = NO;
				MTL_FAST_MATH = YES;
				SDKROOT = iphoneos;
				SWIFT_COMPILATION_MODE = wholemodule;
				SWIFT_OPTIMIZATION_LEVEL = "-O";
				VALIDATE_PRODUCT = YES;
			};
			name = Release;
		};
		E07F8E0125E61CE00019C06A /* Debug */ = {
			isa = XCBuildConfiguration;
			buildSettings = {
				ASSETCATALOG_COMPILER_APPICON_NAME = AppIcon;
				ASSETCATALOG_COMPILER_GLOBAL_ACCENT_COLOR_NAME = AccentColor;
				CODE_SIGN_STYLE = Automatic;
				DEVELOPMENT_TEAM = UALP44U56N;
				INFOPLIST_FILE = StackView_tutorial/Info.plist;
				LD_RUNPATH_SEARCH_PATHS = (
					"$(inherited)",
					"@executable_path/Frameworks",
				);
				PRODUCT_BUNDLE_IDENTIFIER = "Daeki56.StackView-tutorial";
				PRODUCT_NAME = "$(TARGET_NAME)";
				SWIFT_VERSION = 5.0;
				TARGETED_DEVICE_FAMILY = "1,2";
			};
			name = Debug;
		};
		E07F8E0225E61CE00019C06A /* Release */ = {
			isa = XCBuildConfiguration;
			buildSettings = {
				ASSETCATALOG_COMPILER_APPICON_NAME = AppIcon;
				ASSETCATALOG_COMPILER_GLOBAL_ACCENT_COLOR_NAME = AccentColor;
				CODE_SIGN_STYLE = Automatic;
				DEVELOPMENT_TEAM = UALP44U56N;
				INFOPLIST_FILE = StackView_tutorial/Info.plist;
				LD_RUNPATH_SEARCH_PATHS = (
					"$(inherited)",
					"@executable_path/Frameworks",
				);
				PRODUCT_BUNDLE_IDENTIFIER = "Daeki56.StackView-tutorial";
				PRODUCT_NAME = "$(TARGET_NAME)";
				SWIFT_VERSION = 5.0;
				TARGETED_DEVICE_FAMILY = "1,2";
			};
			name = Release;
		};
/* End XCBuildConfiguration section */

/* Begin XCConfigurationList section */
		E07F8DE725E61CD50019C06A /* Build configuration list for PBXProject "StackView_tutorial" */ = {
			isa = XCConfigurationList;
			buildConfigurations = (
				E07F8DFE25E61CE00019C06A /* Debug */,
				E07F8DFF25E61CE00019C06A /* Release */,
			);
			defaultConfigurationIsVisible = 0;
			defaultConfigurationName = Release;
		};
		E07F8E0025E61CE00019C06A /* Build configuration list for PBXNativeTarget "StackView_tutorial" */ = {
			isa = XCConfigurationList;
			buildConfigurations = (
				E07F8E0125E61CE00019C06A /* Debug */,
				E07F8E0225E61CE00019C06A /* Release */,
			);
			defaultConfigurationIsVisible = 0;
			defaultConfigurationName = Release;
		};
/* End XCConfigurationList section */
	};
	rootObject = E07F8DE425E61CD50019C06A /* Project object */;
}
